Microsoft Visual Studio Solution File, Format Version 12.00
# Visual Studio Version 17
VisualStudioVersion = 17.5.2.0
MinimumVisualStudioVersion = 10.0.40219.1
Project("{2150E333-8FDC-42A3-9474-1A3956D46DE8}") = "samples", "samples", "{5D20AA90-6969-D8BD-9DCD-8634F4692FDA}"
EndProject
Project("{2150E333-8FDC-42A3-9474-1A3956D46DE8}") = "src", "src", "{827E0CD3-B72D-47B6-A68D-7590B98EB39B}"
EndProject
Project("{2150E333-8FDC-42A3-9474-1A3956D46DE8}") = "tests", "tests", "{0AB3BF05-4346-4AA6-1389-037BE0695223}"
EndProject
Project("{2150E333-8FDC-42A3-9474-1A3956D46DE8}") = "Hexalith.EventStore", "Hexalith.EventStore", "{23141F70-09FC-1F8D-2228-262300DA88FD}"
EndProject
Project("{FAE04EC0-301F-11D3-BF4B-00C04F79EFBC}") = "Hexalith.Parties.Sample", "samples\Hexalith.Parties.Sample\Hexalith.Parties.Sample.csproj", "{F16451C9-6CB3-D775-951B-5BE607FF84A8}"
EndProject
Project("{FAE04EC0-301F-11D3-BF4B-00C04F79EFBC}") = "Hexalith.Parties.AppHost", "src\Hexalith.Parties.AppHost\Hexalith.Parties.AppHost.csproj", "{C19777F5-5BA6-51E2-3075-A2D47FDFA6AF}"
EndProject
Project("{FAE04EC0-301F-11D3-BF4B-00C04F79EFBC}") = "Hexalith.Parties.Aspire", "src\Hexalith.Parties.Aspire\Hexalith.Parties.Aspire.csproj", "{F9802A2C-EEF0-1B33-06E4-EFD013DEE0D6}"
EndProject
Project("{FAE04EC0-301F-11D3-BF4B-00C04F79EFBC}") = "Hexalith.Parties.Client", "src\Hexalith.Parties.Client\Hexalith.Parties.Client.csproj", "{AD10E328-5B04-D145-F0E3-C55B569AC953}"
EndProject
Project("{FAE04EC0-301F-11D3-BF4B-00C04F79EFBC}") = "Hexalith.Parties.CommandApi", "src\Hexalith.Parties.CommandApi\Hexalith.Parties.CommandApi.csproj", "{87321730-E752-7240-2895-BC22C573F4FF}"
EndProject
Project("{FAE04EC0-301F-11D3-BF4B-00C04F79EFBC}") = "Hexalith.Parties.Contracts", "src\Hexalith.Parties.Contracts\Hexalith.Parties.Contracts.csproj", "{A01F6F55-0492-2CB9-C867-6E65D68786B6}"
EndProject
Project("{FAE04EC0-301F-11D3-BF4B-00C04F79EFBC}") = "Hexalith.Parties.Projections", "src\Hexalith.Parties.Projections\Hexalith.Parties.Projections.csproj", "{B16A1DB0-4070-251D-F6F5-F7BED4C3FB10}"
EndProject
Project("{FAE04EC0-301F-11D3-BF4B-00C04F79EFBC}") = "Hexalith.Parties.Server", "src\Hexalith.Parties.Server\Hexalith.Parties.Server.csproj", "{1E6927B0-4E74-66C8-E281-1799FBBB0E8F}"
EndProject
Project("{FAE04EC0-301F-11D3-BF4B-00C04F79EFBC}") = "Hexalith.Parties.ServiceDefaults", "src\Hexalith.Parties.ServiceDefaults\Hexalith.Parties.ServiceDefaults.csproj", "{E8BBB7D5-CADC-963D-C6ED-143BFF4BDD68}"
EndProject
Project("{FAE04EC0-301F-11D3-BF4B-00C04F79EFBC}") = "Hexalith.Parties.Testing", "src\Hexalith.Parties.Testing\Hexalith.Parties.Testing.csproj", "{11F81158-E935-6465-A665-50772C9DE8B4}"
EndProject
Project("{FAE04EC0-301F-11D3-BF4B-00C04F79EFBC}") = "Hexalith.Parties.Client.Tests", "tests\Hexalith.Parties.Client.Tests\Hexalith.Parties.Client.Tests.csproj", "{A3335FF6-D4DB-6531-78A0-22FD4233956D}"
EndProject
Project("{FAE04EC0-301F-11D3-BF4B-00C04F79EFBC}") = "Hexalith.Parties.CommandApi.Tests", "tests\Hexalith.Parties.CommandApi.Tests\Hexalith.Parties.CommandApi.Tests.csproj", "{B0DEAF82-E438-BA2E-4297-EFC1CA8B893F}"
EndProject
Project("{FAE04EC0-301F-11D3-BF4B-00C04F79EFBC}") = "Hexalith.Parties.Contracts.Tests", "tests\Hexalith.Parties.Contracts.Tests\Hexalith.Parties.Contracts.Tests.csproj", "{3F6B3B8A-DD12-B81E-952E-63111305AFAF}"
EndProject
Project("{FAE04EC0-301F-11D3-BF4B-00C04F79EFBC}") = "Hexalith.Parties.DeployValidation.Tests", "tests\Hexalith.Parties.DeployValidation.Tests\Hexalith.Parties.DeployValidation.Tests.csproj", "{A9DBC747-0531-0031-DE97-036AD9B4A170}"
EndProject
Project("{FAE04EC0-301F-11D3-BF4B-00C04F79EFBC}") = "Hexalith.Parties.IntegrationTests", "tests\Hexalith.Parties.IntegrationTests\Hexalith.Parties.IntegrationTests.csproj", "{CA4D877B-DBFF-C0D0-F24C-9874EC755C58}"
EndProject
Project("{FAE04EC0-301F-11D3-BF4B-00C04F79EFBC}") = "Hexalith.Parties.Projections.Tests", "tests\Hexalith.Parties.Projections.Tests\Hexalith.Parties.Projections.Tests.csproj", "{BB55CE17-833A-4D33-02E3-5FF167D615F1}"
EndProject
Project("{FAE04EC0-301F-11D3-BF4B-00C04F79EFBC}") = "Hexalith.Parties.Sample.Tests", "tests\Hexalith.Parties.Sample.Tests\Hexalith.Parties.Sample.Tests.csproj", "{6DB7FA1A-D99F-B8FA-043D-FB452398EE6C}"
EndProject
Project("{FAE04EC0-301F-11D3-BF4B-00C04F79EFBC}") = "Hexalith.Parties.Server.Tests", "tests\Hexalith.Parties.Server.Tests\Hexalith.Parties.Server.Tests.csproj", "{C2E8FA78-17B0-A5C5-2AA6-C451102B3615}"
EndProject
Project("{2150E333-8FDC-42A3-9474-1A3956D46DE8}") = "samples", "samples", "{8843852C-9A39-CBE5-9ABB-833888D7D7BE}"
EndProject
Project("{FAE04EC0-301F-11D3-BF4B-00C04F79EFBC}") = "Hexalith.EventStore.Sample", "Hexalith.EventStore\samples\Hexalith.EventStore.Sample\Hexalith.EventStore.Sample.csproj", "{590950A8-2D9F-8480-2C59-FFE82F87C504}"
EndProject
Project("{FAE04EC0-301F-11D3-BF4B-00C04F79EFBC}") = "Hexalith.EventStore.Sample.Tests", "Hexalith.EventStore\samples\Hexalith.EventStore.Sample.Tests\Hexalith.EventStore.Sample.Tests.csproj", "{CA3AD49B-917B-B9E9-C1CE-668CEB42047A}"
EndProject
Project("{2150E333-8FDC-42A3-9474-1A3956D46DE8}") = "src", "src", "{C6FF7EAE-D870-3FA8-7F48-78933C80A062}"
EndProject
Project("{FAE04EC0-301F-11D3-BF4B-00C04F79EFBC}") = "Hexalith.EventStore.AppHost", "Hexalith.EventStore\src\Hexalith.EventStore.AppHost\Hexalith.EventStore.AppHost.csproj", "{AA66BECC-9B6A-22D1-57FF-D2646382445B}"
EndProject
Project("{FAE04EC0-301F-11D3-BF4B-00C04F79EFBC}") = "Hexalith.EventStore.Aspire", "Hexalith.EventStore\src\Hexalith.EventStore.Aspire\Hexalith.EventStore.Aspire.csproj", "{202BA820-C83F-B318-275D-39F97CB72A17}"
EndProject
Project("{FAE04EC0-301F-11D3-BF4B-00C04F79EFBC}") = "Hexalith.EventStore.Client", "Hexalith.EventStore\src\Hexalith.EventStore.Client\Hexalith.EventStore.Client.csproj", "{6E3336FC-99AF-6913-4819-924F414BADD9}"
EndProject
Project("{FAE04EC0-301F-11D3-BF4B-00C04F79EFBC}") = "Hexalith.EventStore.CommandApi", "Hexalith.EventStore\src\Hexalith.EventStore.CommandApi\Hexalith.EventStore.CommandApi.csproj", "{50E15612-EC31-1368-74A1-9BE6500629D2}"
EndProject
Project("{FAE04EC0-301F-11D3-BF4B-00C04F79EFBC}") = "Hexalith.EventStore.Contracts", "Hexalith.EventStore\src\Hexalith.EventStore.Contracts\Hexalith.EventStore.Contracts.csproj", "{A0FB26D4-5F48-624C-0679-B64DD2606C21}"
EndProject
Project("{FAE04EC0-301F-11D3-BF4B-00C04F79EFBC}") = "Hexalith.EventStore.Server", "Hexalith.EventStore\src\Hexalith.EventStore.Server\Hexalith.EventStore.Server.csproj", "{DEA07CE3-9B7D-FDED-D9B8-0887DD4D1545}"
EndProject
Project("{FAE04EC0-301F-11D3-BF4B-00C04F79EFBC}") = "Hexalith.EventStore.ServiceDefaults", "Hexalith.EventStore\src\Hexalith.EventStore.ServiceDefaults\Hexalith.EventStore.ServiceDefaults.csproj", "{122D5120-0F14-B464-2CED-35BC78F2800D}"
EndProject
Project("{FAE04EC0-301F-11D3-BF4B-00C04F79EFBC}") = "Hexalith.EventStore.Testing", "Hexalith.EventStore\src\Hexalith.EventStore.Testing\Hexalith.EventStore.Testing.csproj", "{351C0755-517E-AE33-6CA6-0A59AC155AF1}"
EndProject
Project("{2150E333-8FDC-42A3-9474-1A3956D46DE8}") = "tests", "tests", "{967DEF05-0435-9CE0-2B5E-BEA8546F16D6}"
EndProject
Project("{FAE04EC0-301F-11D3-BF4B-00C04F79EFBC}") = "Hexalith.EventStore.Client.Tests", "Hexalith.EventStore\tests\Hexalith.EventStore.Client.Tests\Hexalith.EventStore.Client.Tests.csproj", "{FAABAC7C-212B-9F69-FB60-394A5E3D3264}"
EndProject
Project("{FAE04EC0-301F-11D3-BF4B-00C04F79EFBC}") = "Hexalith.EventStore.Contracts.Tests", "Hexalith.EventStore\tests\Hexalith.EventStore.Contracts.Tests\Hexalith.EventStore.Contracts.Tests.csproj", "{9A5E9D2B-3842-54CB-977B-EA39349CD1CB}"
EndProject
Project("{FAE04EC0-301F-11D3-BF4B-00C04F79EFBC}") = "Hexalith.EventStore.IntegrationTests", "Hexalith.EventStore\tests\Hexalith.EventStore.IntegrationTests\Hexalith.EventStore.IntegrationTests.csproj", "{A3C23A0F-EBDA-1F6A-219D-B81ED9B441FC}"
EndProject
Project("{FAE04EC0-301F-11D3-BF4B-00C04F79EFBC}") = "Hexalith.EventStore.Sample.Tests", "Hexalith.EventStore\tests\Hexalith.EventStore.Sample.Tests\Hexalith.EventStore.Sample.Tests.csproj", "{DF61B7FC-BC24-5632-B833-0DA553ADC8CD}"
EndProject
Project("{FAE04EC0-301F-11D3-BF4B-00C04F79EFBC}") = "Hexalith.EventStore.Server.Tests", "Hexalith.EventStore\tests\Hexalith.EventStore.Server.Tests\Hexalith.EventStore.Server.Tests.csproj", "{3CB90A3D-56FF-9211-4390-86E287A5709F}"
EndProject
Project("{FAE04EC0-301F-11D3-BF4B-00C04F79EFBC}") = "Hexalith.EventStore.Testing.Tests", "Hexalith.EventStore\tests\Hexalith.EventStore.Testing.Tests\Hexalith.EventStore.Testing.Tests.csproj", "{21E81792-6206-9B35-A4D0-18A42822980A}"
EndProject
Project("{2150E333-8FDC-42A3-9474-1A3956D46DE8}") = "_bmad-output", "_bmad-output", "{FB7BEE6A-14A1-19F7-8E96-564FBE438283}"
EndProject
Project("{2150E333-8FDC-42A3-9474-1A3956D46DE8}") = "planning-artifacts", "planning-artifacts", "{A3FF01C7-6403-CB31-BD4D-3520AA65E4D3}"
EndProject
Project("{FAE04EC0-301F-11D3-BF4B-00C04F79EFBC}") = "Hexalith.EventStore.DesignDirections", "Hexalith.EventStore\_bmad-output\planning-artifacts\design-directions-prototype\Hexalith.EventStore.DesignDirections.csproj", "{74E73059-63A7-45FA-D65A-C403F127C386}"
EndProject
Global
	GlobalSection(SolutionConfigurationPlatforms) = preSolution
		Debug|Any CPU = Debug|Any CPU
		Release|Any CPU = Release|Any CPU
	EndGlobalSection
	GlobalSection(ProjectConfigurationPlatforms) = postSolution
		{F16451C9-6CB3-D775-951B-5BE607FF84A8}.Debug|Any CPU.ActiveCfg = Debug|Any CPU
		{F16451C9-6CB3-D775-951B-5BE607FF84A8}.Debug|Any CPU.Build.0 = Debug|Any CPU
		{F16451C9-6CB3-D775-951B-5BE607FF84A8}.Release|Any CPU.ActiveCfg = Release|Any CPU
		{F16451C9-6CB3-D775-951B-5BE607FF84A8}.Release|Any CPU.Build.0 = Release|Any CPU
		{C19777F5-5BA6-51E2-3075-A2D47FDFA6AF}.Debug|Any CPU.ActiveCfg = Debug|Any CPU
		{C19777F5-5BA6-51E2-3075-A2D47FDFA6AF}.Debug|Any CPU.Build.0 = Debug|Any CPU
		{C19777F5-5BA6-51E2-3075-A2D47FDFA6AF}.Release|Any CPU.ActiveCfg = Release|Any CPU
		{C19777F5-5BA6-51E2-3075-A2D47FDFA6AF}.Release|Any CPU.Build.0 = Release|Any CPU
		{F9802A2C-EEF0-1B33-06E4-EFD013DEE0D6}.Debug|Any CPU.ActiveCfg = Debug|Any CPU
		{F9802A2C-EEF0-1B33-06E4-EFD013DEE0D6}.Debug|Any CPU.Build.0 = Debug|Any CPU
		{F9802A2C-EEF0-1B33-06E4-EFD013DEE0D6}.Release|Any CPU.ActiveCfg = Release|Any CPU
		{F9802A2C-EEF0-1B33-06E4-EFD013DEE0D6}.Release|Any CPU.Build.0 = Release|Any CPU
		{AD10E328-5B04-D145-F0E3-C55B569AC953}.Debug|Any CPU.ActiveCfg = Debug|Any CPU
		{AD10E328-5B04-D145-F0E3-C55B569AC953}.Debug|Any CPU.Build.0 = Debug|Any CPU
		{AD10E328-5B04-D145-F0E3-C55B569AC953}.Release|Any CPU.ActiveCfg = Release|Any CPU
		{AD10E328-5B04-D145-F0E3-C55B569AC953}.Release|Any CPU.Build.0 = Release|Any CPU
		{87321730-E752-7240-2895-BC22C573F4FF}.Debug|Any CPU.ActiveCfg = Debug|Any CPU
		{87321730-E752-7240-2895-BC22C573F4FF}.Debug|Any CPU.Build.0 = Debug|Any CPU
		{87321730-E752-7240-2895-BC22C573F4FF}.Release|Any CPU.ActiveCfg = Release|Any CPU
		{87321730-E752-7240-2895-BC22C573F4FF}.Release|Any CPU.Build.0 = Release|Any CPU
		{A01F6F55-0492-2CB9-C867-6E65D68786B6}.Debug|Any CPU.ActiveCfg = Debug|Any CPU
		{A01F6F55-0492-2CB9-C867-6E65D68786B6}.Debug|Any CPU.Build.0 = Debug|Any CPU
		{A01F6F55-0492-2CB9-C867-6E65D68786B6}.Release|Any CPU.ActiveCfg = Release|Any CPU
		{A01F6F55-0492-2CB9-C867-6E65D68786B6}.Release|Any CPU.Build.0 = Release|Any CPU
		{B16A1DB0-4070-251D-F6F5-F7BED4C3FB10}.Debug|Any CPU.ActiveCfg = Debug|Any CPU
		{B16A1DB0-4070-251D-F6F5-F7BED4C3FB10}.Debug|Any CPU.Build.0 = Debug|Any CPU
		{B16A1DB0-4070-251D-F6F5-F7BED4C3FB10}.Release|Any CPU.ActiveCfg = Release|Any CPU
		{B16A1DB0-4070-251D-F6F5-F7BED4C3FB10}.Release|Any CPU.Build.0 = Release|Any CPU
		{1E6927B0-4E74-66C8-E281-1799FBBB0E8F}.Debug|Any CPU.ActiveCfg = Debug|Any CPU
		{1E6927B0-4E74-66C8-E281-1799FBBB0E8F}.Debug|Any CPU.Build.0 = Debug|Any CPU
		{1E6927B0-4E74-66C8-E281-1799FBBB0E8F}.Release|Any CPU.ActiveCfg = Release|Any CPU
		{1E6927B0-4E74-66C8-E281-1799FBBB0E8F}.Release|Any CPU.Build.0 = Release|Any CPU
		{E8BBB7D5-CADC-963D-C6ED-143BFF4BDD68}.Debug|Any CPU.ActiveCfg = Debug|Any CPU
		{E8BBB7D5-CADC-963D-C6ED-143BFF4BDD68}.Debug|Any CPU.Build.0 = Debug|Any CPU
		{E8BBB7D5-CADC-963D-C6ED-143BFF4BDD68}.Release|Any CPU.ActiveCfg = Release|Any CPU
		{E8BBB7D5-CADC-963D-C6ED-143BFF4BDD68}.Release|Any CPU.Build.0 = Release|Any CPU
		{11F81158-E935-6465-A665-50772C9DE8B4}.Debug|Any CPU.ActiveCfg = Debug|Any CPU
		{11F81158-E935-6465-A665-50772C9DE8B4}.Debug|Any CPU.Build.0 = Debug|Any CPU
		{11F81158-E935-6465-A665-50772C9DE8B4}.Release|Any CPU.ActiveCfg = Release|Any CPU
		{11F81158-E935-6465-A665-50772C9DE8B4}.Release|Any CPU.Build.0 = Release|Any CPU
		{A3335FF6-D4DB-6531-78A0-22FD4233956D}.Debug|Any CPU.ActiveCfg = Debug|Any CPU
		{A3335FF6-D4DB-6531-78A0-22FD4233956D}.Debug|Any CPU.Build.0 = Debug|Any CPU
		{A3335FF6-D4DB-6531-78A0-22FD4233956D}.Release|Any CPU.ActiveCfg = Release|Any CPU
		{A3335FF6-D4DB-6531-78A0-22FD4233956D}.Release|Any CPU.Build.0 = Release|Any CPU
		{B0DEAF82-E438-BA2E-4297-EFC1CA8B893F}.Debug|Any CPU.ActiveCfg = Debug|Any CPU
		{B0DEAF82-E438-BA2E-4297-EFC1CA8B893F}.Debug|Any CPU.Build.0 = Debug|Any CPU
		{B0DEAF82-E438-BA2E-4297-EFC1CA8B893F}.Release|Any CPU.ActiveCfg = Release|Any CPU
		{B0DEAF82-E438-BA2E-4297-EFC1CA8B893F}.Release|Any CPU.Build.0 = Release|Any CPU
		{3F6B3B8A-DD12-B81E-952E-63111305AFAF}.Debug|Any CPU.ActiveCfg = Debug|Any CPU
		{3F6B3B8A-DD12-B81E-952E-63111305AFAF}.Debug|Any CPU.Build.0 = Debug|Any CPU
		{3F6B3B8A-DD12-B81E-952E-63111305AFAF}.Release|Any CPU.ActiveCfg = Release|Any CPU
		{3F6B3B8A-DD12-B81E-952E-63111305AFAF}.Release|Any CPU.Build.0 = Release|Any CPU
		{A9DBC747-0531-0031-DE97-036AD9B4A170}.Debug|Any CPU.ActiveCfg = Debug|Any CPU
		{A9DBC747-0531-0031-DE97-036AD9B4A170}.Debug|Any CPU.Build.0 = Debug|Any CPU
		{A9DBC747-0531-0031-DE97-036AD9B4A170}.Release|Any CPU.ActiveCfg = Release|Any CPU
		{A9DBC747-0531-0031-DE97-036AD9B4A170}.Release|Any CPU.Build.0 = Release|Any CPU
		{CA4D877B-DBFF-C0D0-F24C-9874EC755C58}.Debug|Any CPU.ActiveCfg = Debug|Any CPU
		{CA4D877B-DBFF-C0D0-F24C-9874EC755C58}.Debug|Any CPU.Build.0 = Debug|Any CPU
		{CA4D877B-DBFF-C0D0-F24C-9874EC755C58}.Release|Any CPU.ActiveCfg = Release|Any CPU
		{CA4D877B-DBFF-C0D0-F24C-9874EC755C58}.Release|Any CPU.Build.0 = Release|Any CPU
		{BB55CE17-833A-4D33-02E3-5FF167D615F1}.Debug|Any CPU.ActiveCfg = Debug|Any CPU
		{BB55CE17-833A-4D33-02E3-5FF167D615F1}.Debug|Any CPU.Build.0 = Debug|Any CPU
		{BB55CE17-833A-4D33-02E3-5FF167D615F1}.Release|Any CPU.ActiveCfg = Release|Any CPU
		{BB55CE17-833A-4D33-02E3-5FF167D615F1}.Release|Any CPU.Build.0 = Release|Any CPU
		{6DB7FA1A-D99F-B8FA-043D-FB452398EE6C}.Debug|Any CPU.ActiveCfg = Debug|Any CPU
		{6DB7FA1A-D99F-B8FA-043D-FB452398EE6C}.Debug|Any CPU.Build.0 = Debug|Any CPU
		{6DB7FA1A-D99F-B8FA-043D-FB452398EE6C}.Release|Any CPU.ActiveCfg = Release|Any CPU
		{6DB7FA1A-D99F-B8FA-043D-FB452398EE6C}.Release|Any CPU.Build.0 = Release|Any CPU
		{C2E8FA78-17B0-A5C5-2AA6-C451102B3615}.Debug|Any CPU.ActiveCfg = Debug|Any CPU
		{C2E8FA78-17B0-A5C5-2AA6-C451102B3615}.Debug|Any CPU.Build.0 = Debug|Any CPU
		{C2E8FA78-17B0-A5C5-2AA6-C451102B3615}.Release|Any CPU.ActiveCfg = Release|Any CPU
		{C2E8FA78-17B0-A5C5-2AA6-C451102B3615}.Release|Any CPU.Build.0 = Release|Any CPU
		{590950A8-2D9F-8480-2C59-FFE82F87C504}.Debug|Any CPU.ActiveCfg = Debug|Any CPU
		{590950A8-2D9F-8480-2C59-FFE82F87C504}.Debug|Any CPU.Build.0 = Debug|Any CPU
		{590950A8-2D9F-8480-2C59-FFE82F87C504}.Release|Any CPU.ActiveCfg = Release|Any CPU
		{590950A8-2D9F-8480-2C59-FFE82F87C504}.Release|Any CPU.Build.0 = Release|Any CPU
		{CA3AD49B-917B-B9E9-C1CE-668CEB42047A}.Debug|Any CPU.ActiveCfg = Debug|Any CPU
		{CA3AD49B-917B-B9E9-C1CE-668CEB42047A}.Debug|Any CPU.Build.0 = Debug|Any CPU
		{CA3AD49B-917B-B9E9-C1CE-668CEB42047A}.Release|Any CPU.ActiveCfg = Release|Any CPU
		{CA3AD49B-917B-B9E9-C1CE-668CEB42047A}.Release|Any CPU.Build.0 = Release|Any CPU
		{AA66BECC-9B6A-22D1-57FF-D2646382445B}.Debug|Any CPU.ActiveCfg = Debug|Any CPU
		{AA66BECC-9B6A-22D1-57FF-D2646382445B}.Debug|Any CPU.Build.0 = Debug|Any CPU
		{AA66BECC-9B6A-22D1-57FF-D2646382445B}.Release|Any CPU.ActiveCfg = Release|Any CPU
		{AA66BECC-9B6A-22D1-57FF-D2646382445B}.Release|Any CPU.Build.0 = Release|Any CPU
		{202BA820-C83F-B318-275D-39F97CB72A17}.Debug|Any CPU.ActiveCfg = Debug|Any CPU
		{202BA820-C83F-B318-275D-39F97CB72A17}.Debug|Any CPU.Build.0 = Debug|Any CPU
		{202BA820-C83F-B318-275D-39F97CB72A17}.Release|Any CPU.ActiveCfg = Release|Any CPU
		{202BA820-C83F-B318-275D-39F97CB72A17}.Release|Any CPU.Build.0 = Release|Any CPU
		{6E3336FC-99AF-6913-4819-924F414BADD9}.Debug|Any CPU.ActiveCfg = Debug|Any CPU
		{6E3336FC-99AF-6913-4819-924F414BADD9}.Debug|Any CPU.Build.0 = Debug|Any CPU
		{6E3336FC-99AF-6913-4819-924F414BADD9}.Release|Any CPU.ActiveCfg = Release|Any CPU
		{6E3336FC-99AF-6913-4819-924F414BADD9}.Release|Any CPU.Build.0 = Release|Any CPU
		{50E15612-EC31-1368-74A1-9BE6500629D2}.Debug|Any CPU.ActiveCfg = Debug|Any CPU
		{50E15612-EC31-1368-74A1-9BE6500629D2}.Debug|Any CPU.Build.0 = Debug|Any CPU
		{50E15612-EC31-1368-74A1-9BE6500629D2}.Release|Any CPU.ActiveCfg = Release|Any CPU
		{50E15612-EC31-1368-74A1-9BE6500629D2}.Release|Any CPU.Build.0 = Release|Any CPU
		{A0FB26D4-5F48-624C-0679-B64DD2606C21}.Debug|Any CPU.ActiveCfg = Debug|Any CPU
		{A0FB26D4-5F48-624C-0679-B64DD2606C21}.Debug|Any CPU.Build.0 = Debug|Any CPU
		{A0FB26D4-5F48-624C-0679-B64DD2606C21}.Release|Any CPU.ActiveCfg = Release|Any CPU
		{A0FB26D4-5F48-624C-0679-B64DD2606C21}.Release|Any CPU.Build.0 = Release|Any CPU
		{DEA07CE3-9B7D-FDED-D9B8-0887DD4D1545}.Debug|Any CPU.ActiveCfg = Debug|Any CPU
		{DEA07CE3-9B7D-FDED-D9B8-0887DD4D1545}.Debug|Any CPU.Build.0 = Debug|Any CPU
		{DEA07CE3-9B7D-FDED-D9B8-0887DD4D1545}.Release|Any CPU.ActiveCfg = Release|Any CPU
		{DEA07CE3-9B7D-FDED-D9B8-0887DD4D1545}.Release|Any CPU.Build.0 = Release|Any CPU
		{122D5120-0F14-B464-2CED-35BC78F2800D}.Debug|Any CPU.ActiveCfg = Debug|Any CPU
		{122D5120-0F14-B464-2CED-35BC78F2800D}.Debug|Any CPU.Build.0 = Debug|Any CPU
		{122D5120-0F14-B464-2CED-35BC78F2800D}.Release|Any CPU.ActiveCfg = Release|Any CPU
		{122D5120-0F14-B464-2CED-35BC78F2800D}.Release|Any CPU.Build.0 = Release|Any CPU
		{351C0755-517E-AE33-6CA6-0A59AC155AF1}.Debug|Any CPU.ActiveCfg = Debug|Any CPU
		{351C0755-517E-AE33-6CA6-0A59AC155AF1}.Debug|Any CPU.Build.0 = Debug|Any CPU
		{351C0755-517E-AE33-6CA6-0A59AC155AF1}.Release|Any CPU.ActiveCfg = Release|Any CPU
		{351C0755-517E-AE33-6CA6-0A59AC155AF1}.Release|Any CPU.Build.0 = Release|Any CPU
		{FAABAC7C-212B-9F69-FB60-394A5E3D3264}.Debug|Any CPU.ActiveCfg = Debug|Any CPU
		{FAABAC7C-212B-9F69-FB60-394A5E3D3264}.Debug|Any CPU.Build.0 = Debug|Any CPU
		{FAABAC7C-212B-9F69-FB60-394A5E3D3264}.Release|Any CPU.ActiveCfg = Release|Any CPU
		{FAABAC7C-212B-9F69-FB60-394A5E3D3264}.Release|Any CPU.Build.0 = Release|Any CPU
		{9A5E9D2B-3842-54CB-977B-EA39349CD1CB}.Debug|Any CPU.ActiveCfg = Debug|Any CPU
		{9A5E9D2B-3842-54CB-977B-EA39349CD1CB}.Debug|Any CPU.Build.0 = Debug|Any CPU
		{9A5E9D2B-3842-54CB-977B-EA39349CD1CB}.Release|Any CPU.ActiveCfg = Release|Any CPU
		{9A5E9D2B-3842-54CB-977B-EA39349CD1CB}.Release|Any CPU.Build.0 = Release|Any CPU
		{A3C23A0F-EBDA-1F6A-219D-B81ED9B441FC}.Debug|Any CPU.ActiveCfg = Debug|Any CPU
		{A3C23A0F-EBDA-1F6A-219D-B81ED9B441FC}.Debug|Any CPU.Build.0 = Debug|Any CPU
		{A3C23A0F-EBDA-1F6A-219D-B81ED9B441FC}.Release|Any CPU.ActiveCfg = Release|Any CPU
		{A3C23A0F-EBDA-1F6A-219D-B81ED9B441FC}.Release|Any CPU.Build.0 = Release|Any CPU
		{DF61B7FC-BC24-5632-B833-0DA553ADC8CD}.Debug|Any CPU.ActiveCfg = Debug|Any CPU
		{DF61B7FC-BC24-5632-B833-0DA553ADC8CD}.Debug|Any CPU.Build.0 = Debug|Any CPU
		{DF61B7FC-BC24-5632-B833-0DA553ADC8CD}.Release|Any CPU.ActiveCfg = Release|Any CPU
		{DF61B7FC-BC24-5632-B833-0DA553ADC8CD}.Release|Any CPU.Build.0 = Release|Any CPU
		{3CB90A3D-56FF-9211-4390-86E287A5709F}.Debug|Any CPU.ActiveCfg = Debug|Any CPU
		{3CB90A3D-56FF-9211-4390-86E287A5709F}.Debug|Any CPU.Build.0 = Debug|Any CPU
		{3CB90A3D-56FF-9211-4390-86E287A5709F}.Release|Any CPU.ActiveCfg = Release|Any CPU
		{3CB90A3D-56FF-9211-4390-86E287A5709F}.Release|Any CPU.Build.0 = Release|Any CPU
		{21E81792-6206-9B35-A4D0-18A42822980A}.Debug|Any CPU.ActiveCfg = Debug|Any CPU
		{21E81792-6206-9B35-A4D0-18A42822980A}.Debug|Any CPU.Build.0 = Debug|Any CPU
		{21E81792-6206-9B35-A4D0-18A42822980A}.Release|Any CPU.ActiveCfg = Release|Any CPU
		{21E81792-6206-9B35-A4D0-18A42822980A}.Release|Any CPU.Build.0 = Release|Any CPU
		{74E73059-63A7-45FA-D65A-C403F127C386}.Debug|Any CPU.ActiveCfg = Debug|Any CPU
		{74E73059-63A7-45FA-D65A-C403F127C386}.Debug|Any CPU.Build.0 = Debug|Any CPU
		{74E73059-63A7-45FA-D65A-C403F127C386}.Release|Any CPU.ActiveCfg = Release|Any CPU
		{74E73059-63A7-45FA-D65A-C403F127C386}.Release|Any CPU.Build.0 = Release|Any CPU
	EndGlobalSection
	GlobalSection(SolutionProperties) = preSolution
		HideSolutionNode = FALSE
	EndGlobalSection
	GlobalSection(NestedProjects) = preSolution
		{F16451C9-6CB3-D775-951B-5BE607FF84A8} = {5D20AA90-6969-D8BD-9DCD-8634F4692FDA}
		{C19777F5-5BA6-51E2-3075-A2D47FDFA6AF} = {827E0CD3-B72D-47B6-A68D-7590B98EB39B}
		{F9802A2C-EEF0-1B33-06E4-EFD013DEE0D6} = {827E0CD3-B72D-47B6-A68D-7590B98EB39B}
		{AD10E328-5B04-D145-F0E3-C55B569AC953} = {827E0CD3-B72D-47B6-A68D-7590B98EB39B}
		{87321730-E752-7240-2895-BC22C573F4FF} = {827E0CD3-B72D-47B6-A68D-7590B98EB39B}
		{A01F6F55-0492-2CB9-C867-6E65D68786B6} = {827E0CD3-B72D-47B6-A68D-7590B98EB39B}
		{B16A1DB0-4070-251D-F6F5-F7BED4C3FB10} = {827E0CD3-B72D-47B6-A68D-7590B98EB39B}
		{1E6927B0-4E74-66C8-E281-1799FBBB0E8F} = {827E0CD3-B72D-47B6-A68D-7590B98EB39B}
		{E8BBB7D5-CADC-963D-C6ED-143BFF4BDD68} = {827E0CD3-B72D-47B6-A68D-7590B98EB39B}
		{11F81158-E935-6465-A665-50772C9DE8B4} = {827E0CD3-B72D-47B6-A68D-7590B98EB39B}
		{A3335FF6-D4DB-6531-78A0-22FD4233956D} = {0AB3BF05-4346-4AA6-1389-037BE0695223}
		{B0DEAF82-E438-BA2E-4297-EFC1CA8B893F} = {0AB3BF05-4346-4AA6-1389-037BE0695223}
		{3F6B3B8A-DD12-B81E-952E-63111305AFAF} = {0AB3BF05-4346-4AA6-1389-037BE0695223}
		{A9DBC747-0531-0031-DE97-036AD9B4A170} = {0AB3BF05-4346-4AA6-1389-037BE0695223}
		{CA4D877B-DBFF-C0D0-F24C-9874EC755C58} = {0AB3BF05-4346-4AA6-1389-037BE0695223}
		{BB55CE17-833A-4D33-02E3-5FF167D615F1} = {0AB3BF05-4346-4AA6-1389-037BE0695223}
		{6DB7FA1A-D99F-B8FA-043D-FB452398EE6C} = {0AB3BF05-4346-4AA6-1389-037BE0695223}
		{C2E8FA78-17B0-A5C5-2AA6-C451102B3615} = {0AB3BF05-4346-4AA6-1389-037BE0695223}
		{8843852C-9A39-CBE5-9ABB-833888D7D7BE} = {23141F70-09FC-1F8D-2228-262300DA88FD}
		{590950A8-2D9F-8480-2C59-FFE82F87C504} = {8843852C-9A39-CBE5-9ABB-833888D7D7BE}
		{CA3AD49B-917B-B9E9-C1CE-668CEB42047A} = {8843852C-9A39-CBE5-9ABB-833888D7D7BE}
		{C6FF7EAE-D870-3FA8-7F48-78933C80A062} = {23141F70-09FC-1F8D-2228-262300DA88FD}
		{AA66BECC-9B6A-22D1-57FF-D2646382445B} = {C6FF7EAE-D870-3FA8-7F48-78933C80A062}
		{202BA820-C83F-B318-275D-39F97CB72A17} = {C6FF7EAE-D870-3FA8-7F48-78933C80A062}
		{6E3336FC-99AF-6913-4819-924F414BADD9} = {C6FF7EAE-D870-3FA8-7F48-78933C80A062}
		{50E15612-EC31-1368-74A1-9BE6500629D2} = {C6FF7EAE-D870-3FA8-7F48-78933C80A062}
		{A0FB26D4-5F48-624C-0679-B64DD2606C21} = {C6FF7EAE-D870-3FA8-7F48-78933C80A062}
		{DEA07CE3-9B7D-FDED-D9B8-0887DD4D1545} = {C6FF7EAE-D870-3FA8-7F48-78933C80A062}
		{122D5120-0F14-B464-2CED-35BC78F2800D} = {C6FF7EAE-D870-3FA8-7F48-78933C80A062}
		{351C0755-517E-AE33-6CA6-0A59AC155AF1} = {C6FF7EAE-D870-3FA8-7F48-78933C80A062}
		{967DEF05-0435-9CE0-2B5E-BEA8546F16D6} = {23141F70-09FC-1F8D-2228-262300DA88FD}
		{FAABAC7C-212B-9F69-FB60-394A5E3D3264} = {967DEF05-0435-9CE0-2B5E-BEA8546F16D6}
		{9A5E9D2B-3842-54CB-977B-EA39349CD1CB} = {967DEF05-0435-9CE0-2B5E-BEA8546F16D6}
		{A3C23A0F-EBDA-1F6A-219D-B81ED9B441FC} = {967DEF05-0435-9CE0-2B5E-BEA8546F16D6}
		{DF61B7FC-BC24-5632-B833-0DA553ADC8CD} = {967DEF05-0435-9CE0-2B5E-BEA8546F16D6}
		{3CB90A3D-56FF-9211-4390-86E287A5709F} = {967DEF05-0435-9CE0-2B5E-BEA8546F16D6}
		{21E81792-6206-9B35-A4D0-18A42822980A} = {967DEF05-0435-9CE0-2B5E-BEA8546F16D6}
		{FB7BEE6A-14A1-19F7-8E96-564FBE438283} = {23141F70-09FC-1F8D-2228-262300DA88FD}
		{A3FF01C7-6403-CB31-BD4D-3520AA65E4D3} = {FB7BEE6A-14A1-19F7-8E96-564FBE438283}
		{74E73059-63A7-45FA-D65A-C403F127C386} = {A3FF01C7-6403-CB31-BD4D-3520AA65E4D3}
	EndGlobalSection
	GlobalSection(ExtensibilityGlobals) = postSolution
		SolutionGuid = {01E250C9-E1F5-470E-B30D-9B0FF134F145}
	EndGlobalSection
EndGlobal
